
Microsoft Visual Studio Solution File, Format Version 12.00
# Visual Studio Version 16
VisualStudioVersion = 16.0.33529.622
MinimumVisualStudioVersion = 10.0.40219.1
Project("{FAE04EC0-301F-11D3-BF4B-00C04F79EFBC}") = "KR2_Parfenchyk", "KR2_Parfenchyk\KR2_Parfenchyk.csproj", "{962A2C9F-FF9A-4628-B609-B6BF9801279E}"
EndProject
Global
	GlobalSection(SolutionConfigurationPlatforms) = preSolution
		Debug|Any CPU = Debug|Any CPU
		Release|Any CPU = Release|Any CPU
	EndGlobalSection
	GlobalSection(ProjectConfigurationPlatforms) = postSolution
		{962A2C9F-FF9A-4628-B609-B6BF9801279E}.Debug|Any CPU.ActiveCfg = Debug|Any CPU
		{962A2C9F-FF9A-4628-B609-B6BF9801279E}.Debug|Any CPU.Build.0 = Debug|Any CPU
		{962A2C9F-FF9A-4628-B609-B6BF9801279E}.Release|Any CPU.ActiveCfg = Release|Any CPU
		{962A2C9F-FF9A-4628-B609-B6BF9801279E}.Release|Any CPU.Build.0 = Release|Any CPU
	EndGlobalSection
	GlobalSection(SolutionProperties) = preSolution
		HideSolutionNode = FALSE
	EndGlobalSection
	GlobalSection(ExtensibilityGlobals) = postSolution
		SolutionGuid = {5E727994-DB9E-4CB0-9122-731414DA1C5C}
	EndGlobalSection
EndGlobal
